// !$*UTF8*$!
{
	archiveVersion = 1;
	classes = {
	};
	objectVersion = 50;
	objects = {

/* Begin PBXBuildFile section */
		B34ABEC12415AA55002B832F /* AppDelegate.swift in Sources */ = {isa = PBXBuildFile; fileRef = B34ABEC02415AA55002B832F /* AppDelegate.swift */; };
		B34ABEC32415AA55002B832F /* SceneDelegate.swift in Sources */ = {isa = PBXBuildFile; fileRef = B34ABEC22415AA55002B832F /* SceneDelegate.swift */; };
		B34ABECA2415AA57002B832F /* Assets.xcassets in Resources */ = {isa = PBXBuildFile; fileRef = B34ABEC92415AA57002B832F /* Assets.xcassets */; };
		B34ABECD2415AA57002B832F /* LaunchScreen.storyboard in Resources */ = {isa = PBXBuildFile; fileRef = B34ABECB2415AA57002B832F /* LaunchScreen.storyboard */; };
		B34ABED82415AA57002B832F /* localNotificationExampleTests.swift in Sources */ = {isa = PBXBuildFile; fileRef = B34ABED72415AA57002B832F /* localNotificationExampleTests.swift */; };
		B34ABEE32415AA57002B832F /* localNotificationExampleUITests.swift in Sources */ = {isa = PBXBuildFile; fileRef = B34ABEE22415AA57002B832F /* localNotificationExampleUITests.swift */; };
		B34ABEF62415AC7B002B832F /* Main.storyboard in Resources */ = {isa = PBXBuildFile; fileRef = B34ABEF42415AC7B002B832F /* Main.storyboard */; };
		B34ABEF82415B08B002B832F /* TableViewController.swift in Sources */ = {isa = PBXBuildFile; fileRef = B34ABEF72415B08A002B832F /* TableViewController.swift */; };
		B34ABEFA2415DC36002B832F /* NotificationCenter.swift in Sources */ = {isa = PBXBuildFile; fileRef = B34ABEF92415DC36002B832F /* NotificationCenter.swift */; };
/* End PBXBuildFile section */

/* Begin PBXContainerItemProxy section */
		B34ABED42415AA57002B832F /* PBXContainerItemProxy */ = {
			isa = PBXContainerItemProxy;
			containerPortal = B34ABEB52415AA55002B832F /* Project object */;
			proxyType = 1;
			remoteGlobalIDString = B34ABEBC2415AA55002B832F;
			remoteInfo = localNotificationExample;
		};
		B34ABEDF2415AA57002B832F /* PBXContainerItemProxy */ = {
			isa = PBXContainerItemProxy;
			containerPortal = B34ABEB52415AA55002B832F /* Project object */;
			proxyType = 1;
			remoteGlobalIDString = B34ABEBC2415AA55002B832F;
			remoteInfo = localNotificationExample;
		};
/* End PBXContainerItemProxy section */

/* Begin PBXFileReference section */
		B34ABEBD2415AA55002B832F /* localNotificationExample.app */ = {isa = PBXFileReference; explicitFileType = wrapper.application; includeInIndex = 0; path = localNotificationExample.app; sourceTree = BUILT_PRODUCTS_DIR; };
		B34ABEC02415AA55002B832F /* AppDelegate.swift */ = {isa = PBXFileReference; lastKnownFileType = sourcecode.swift; path = AppDelegate.swift; sourceTree = "<group>"; };
		B34ABEC22415AA55002B832F /* SceneDelegate.swift */ = {isa = PBXFileReference; lastKnownFileType = sourcecode.swift; path = SceneDelegate.swift; sourceTree = "<group>"; };
		B34ABEC92415AA57002B832F /* Assets.xcassets */ = {isa = PBXFileReference; lastKnownFileType = folder.assetcatalog; path = Assets.xcassets; sourceTree = "<group>"; };
		B34ABECC2415AA57002B832F /* Base */ = {isa = PBXFileReference; lastKnownFileType = file.storyboard; name = Base; path = Base.lproj/LaunchScreen.storyboard; sourceTree = "<group>"; };
		B34ABECE2415AA57002B832F /* Info.plist */ = {isa = PBXFileReference; lastKnownFileType = text.plist.xml; path = Info.plist; sourceTree = "<group>"; };
		B34ABED32415AA57002B832F /* localNotificationExampleTests.xctest */ = {isa = PBXFileReference; explicitFileType = wrapper.cfbundle; includeInIndex = 0; path = localNotificationExampleTests.xctest; sourceTree = BUILT_PRODUCTS_DIR; };
		B34ABED72415AA57002B832F /* localNotificationExampleTests.swift */ = {isa = PBXFileReference; lastKnownFileType = sourcecode.swift; path = localNotificationExampleTests.swift; sourceTree = "<group>"; };
		B34ABED92415AA57002B832F /* Info.plist */ = {isa = PBXFileReference; lastKnownFileType = text.plist.xml; path = Info.plist; sourceTree = "<group>"; };
		B34ABEDE2415AA57002B832F /* localNotificationExampleUITests.xctest */ = {isa = PBXFileReference; explicitFileType = wrapper.cfbundle; includeInIndex = 0; path = localNotificationExampleUITests.xctest; sourceTree = BUILT_PRODUCTS_DIR; };
		B34ABEE22415AA57002B832F /* localNotificationExampleUITests.swift */ = {isa = PBXFileReference; lastKnownFileType = sourcecode.swift; path = localNotificationExampleUITests.swift; sourceTree = "<group>"; };
		B34ABEE42415AA57002B832F /* Info.plist */ = {isa = PBXFileReference; lastKnownFileType = text.plist.xml; path = Info.plist; sourceTree = "<group>"; };
		B34ABEF52415AC7B002B832F /* Base */ = {isa = PBXFileReference; lastKnownFileType = file.storyboard; name = Base; path = Base.lproj/Main.storyboard; sourceTree = "<group>"; };
		B34ABEF72415B08A002B832F /* TableViewController.swift */ = {isa = PBXFileReference; lastKnownFileType = sourcecode.swift; path = TableViewController.swift; sourceTree = "<group>"; };
		B34ABEF92415DC36002B832F /* NotificationCenter.swift */ = {isa = PBXFileReference; lastKnownFileType = sourcecode.swift; path = NotificationCenter.swift; sourceTree = "<group>"; };
/* End PBXFileReference section */

/* Begin PBXFrameworksBuildPhase section */
		B34ABEBA2415AA55002B832F /* Frameworks */ = {
			isa = PBXFrameworksBuildPhase;
			buildActionMask = 2147483647;
			files = (
			);
			runOnlyForDeploymentPostprocessing = 0;
		};
		B34ABED02415AA57002B832F /* Frameworks */ = {
			isa = PBXFrameworksBuildPhase;
			buildActionMask = 2147483647;
			files = (
			);
			runOnlyForDeploymentPostprocessing = 0;
		};
		B34ABEDB2415AA57002B832F /* Frameworks */ = {
			isa = PBXFrameworksBuildPhase;
			buildActionMask = 2147483647;
			files = (
			);
			runOnlyForDeploymentPostprocessing = 0;
		};
/* End PBXFrameworksBuildPhase section */

/* Begin PBXGroup section */
		B34ABEB42415AA55002B832F = {
			isa = PBXGroup;
			children = (
				B34ABEBF2415AA55002B832F /* localNotificationExample */,
				B34ABED62415AA57002B832F /* localNotificationExampleTests */,
				B34ABEE12415AA57002B832F /* localNotificationExampleUITests */,
				B34ABEBE2415AA55002B832F /* Products */,
			);
			sourceTree = "<group>";
		};
		B34ABEBE2415AA55002B832F /* Products */ = {
			isa = PBXGroup;
			children = (
				B34ABEBD2415AA55002B832F /* localNotificationExample.app */,
				B34ABED32415AA57002B832F /* localNotificationExampleTests.xctest */,
				B34ABEDE2415AA57002B832F /* localNotificationExampleUITests.xctest */,
			);
			name = Products;
			sourceTree = "<group>";
		};
		B34ABEBF2415AA55002B832F /* localNotificationExample */ = {
			isa = PBXGroup;
			children = (
				B34ABEC02415AA55002B832F /* AppDelegate.swift */,
				B34ABEC22415AA55002B832F /* SceneDelegate.swift */,
				B34ABEF42415AC7B002B832F /* Main.storyboard */,
				B34ABEC92415AA57002B832F /* Assets.xcassets */,
				B34ABECB2415AA57002B832F /* LaunchScreen.storyboard */,
				B34ABECE2415AA57002B832F /* Info.plist */,
				B34ABEF72415B08A002B832F /* TableViewController.swift */,
				B34ABEF92415DC36002B832F /* NotificationCenter.swift */,
			);
			path = localNotificationExample;
			sourceTree = "<group>";
		};
		B34ABED62415AA57002B832F /* localNotificationExampleTests */ = {
			isa = PBXGroup;
			children = (
				B34ABED72415AA57002B832F /* localNotificationExampleTests.swift */,
				B34ABED92415AA57002B832F /* Info.plist */,
			);
			path = localNotificationExampleTests;
			sourceTree = "<group>";
		};
		B34ABEE12415AA57002B832F /* localNotificationExampleUITests */ = {
			isa = PBXGroup;
			children = (
				B34ABEE22415AA57002B832F /* localNotificationExampleUITests.swift */,
				B34ABEE42415AA57002B832F /* Info.plist */,
			);
			path = localNotificationExampleUITests;
			sourceTree = "<group>";
		};
/* End PBXGroup section */

/* Begin PBXNativeTarget section */
		B34ABEBC2415AA55002B832F /* localNotificationExample */ = {
			isa = PBXNativeTarget;
			buildConfigurationList = B34ABEE72415AA57002B832F /* Build configuration list for PBXNativeTarget "localNotificationExample" */;
			buildPhases = (
				B34ABEB92415AA55002B832F /* Sources */,
				B34ABEBA2415AA55002B832F /* Frameworks */,
				B34ABEBB2415AA55002B832F /* Resources */,
			);
			buildRules = (
			);
			dependencies = (
			);
			name = localNotificationExample;
			productName = localNotificationExample;
			productReference = B34ABEBD2415AA55002B832F /* localNotificationExample.app */;
			productType = "com.apple.product-type.application";
		};
		B34ABED22415AA57002B832F /* localNotificationExampleTests */ = {
			isa = PBXNativeTarget;
			buildConfigurationList = B34ABEEA2415AA57002B832F /* Build configuration list for PBXNativeTarget "localNotificationExampleTests" */;
			buildPhases = (
				B34ABECF2415AA57002B832F /* Sources */,
				B34ABED02415AA57002B832F /* Frameworks */,
				B34ABED12415AA57002B832F /* Resources */,
			);
			buildRules = (
			);
			dependencies = (
				B34ABED52415AA57002B832F /* PBXTargetDependency */,
			);
			name = localNotificationExampleTests;
			productName = localNotificationExampleTests;
			productReference = B34ABED32415AA57002B832F /* localNotificationExampleTests.xctest */;
			productType = "com.apple.product-type.bundle.unit-test";
		};
		B34ABEDD2415AA57002B832F /* localNotificationExampleUITests */ = {
			isa = PBXNativeTarget;
			buildConfigurationList = B34ABEED2415AA57002B832F /* Build configuration list for PBXNativeTarget "localNotificationExampleUITests" */;
			buildPhases = (
				B34ABEDA2415AA57002B832F /* Sources */,
				B34ABEDB2415AA57002B832F /* Frameworks */,
				B34ABEDC2415AA57002B832F /* Resources */,
			);
			buildRules = (
			);
			dependencies = (
				B34ABEE02415AA57002B832F /* PBXTargetDependency */,
			);
			name = localNotificationExampleUITests;
			productName = localNotificationExampleUITests;
			productReference = B34ABEDE2415AA57002B832F /* localNotificationExampleUITests.xctest */;
			productType = "com.apple.product-type.bundle.ui-testing";
		};
/* End PBXNativeTarget section */

/* Begin PBXProject section */
		B34ABEB52415AA55002B832F /* Project object */ = {
			isa = PBXProject;
			attributes = {
				LastSwiftUpdateCheck = 1130;
				LastUpgradeCheck = 1130;
				ORGANIZATIONNAME = "Pamela Ianovalli";
				TargetAttributes = {
					B34ABEBC2415AA55002B832F = {
						CreatedOnToolsVersion = 11.3.1;
					};
					B34ABED22415AA57002B832F = {
						CreatedOnToolsVersion = 11.3.1;
						TestTargetID = B34ABEBC2415AA55002B832F;
					};
					B34ABEDD2415AA57002B832F = {
						CreatedOnToolsVersion = 11.3.1;
						TestTargetID = B34ABEBC2415AA55002B832F;
					};
				};
			};
			buildConfigurationList = B34ABEB82415AA55002B832F /* Build configuration list for PBXProject "localNotificationExample" */;
			compatibilityVersion = "Xcode 9.3";
			developmentRegion = en;
			hasScannedForEncodings = 0;
			knownRegions = (
				en,
				Base,
			);
			mainGroup = B34ABEB42415AA55002B832F;
			productRefGroup = B34ABEBE2415AA55002B832F /* Products */;
			projectDirPath = "";
			projectRoot = "";
			targets = (
				B34ABEBC2415AA55002B832F /* localNotificationExample */,
				B34ABED22415AA57002B832F /* localNotificationExampleTests */,
				B34ABEDD2415AA57002B832F /* localNotificationExampleUITests */,
			);
		};
/* End PBXProject section */

/* Begin PBXResourcesBuildPhase section */
		B34ABEBB2415AA55002B832F /* Resources */ = {
			isa = PBXResourcesBuildPhase;
			buildActionMask = 2147483647;
			files = (
				B34ABEF62415AC7B002B832F /* Main.storyboard in Resources */,
				B34ABECD2415AA57002B832F /* LaunchScreen.storyboard in Resources */,
				B34ABECA2415AA57002B832F /* Assets.xcassets in Resources */,
			);
			runOnlyForDeploymentPostprocessing = 0;
		};
		B34ABED12415AA57002B832F /* Resources */ = {
			isa = PBXResourcesBuildPhase;
			buildActionMask = 2147483647;
			files = (
			);
			runOnlyForDeploymentPostprocessing = 0;
		};
		B34ABEDC2415AA57002B832F /* Resources */ = {
			isa = PBXResourcesBuildPhase;
			buildActionMask = 2147483647;
			files = (
			);
			runOnlyForDeploymentPostprocessing = 0;
		};
/* End PBXResourcesBuildPhase section */

/* Begin PBXSourcesBuildPhase section */
		B34ABEB92415AA55002B832F /* Sources */ = {
			isa = PBXSourcesBuildPhase;
			buildActionMask = 2147483647;
			files = (
				B34ABEC12415AA55002B832F /* AppDelegate.swift in Sources */,
				B34ABEF82415B08B002B832F /* TableViewController.swift in Sources */,
				B34ABEC32415AA55002B832F /* SceneDelegate.swift in Sources */,
				B34ABEFA2415DC36002B832F /* NotificationCenter.swift in Sources */,
			);
			runOnlyForDeploymentPostprocessing = 0;
		};
		B34ABECF2415AA57002B832F /* Sources */ = {
			isa = PBXSourcesBuildPhase;
			buildActionMask = 2147483647;
			files = (
				B34ABED82415AA57002B832F /* localNotificationExampleTests.swift in Sources */,
			);
			runOnlyForDeploymentPostprocessing = 0;
		};
		B34ABEDA2415AA57002B832F /* Sources */ = {
			isa = PBXSourcesBuildPhase;
			buildActionMask = 2147483647;
			files = (
				B34ABEE32415AA57002B832F /* localNotificationExampleUITests.swift in Sources */,
			);
			runOnlyForDeploymentPostprocessing = 0;
		};
/* End PBXSourcesBuildPhase section */

/* Begin PBXTargetDependency section */
		B34ABED52415AA57002B832F /* PBXTargetDependency */ = {
			isa = PBXTargetDependency;
			target = B34ABEBC2415AA55002B832F /* localNotificationExample */;
			targetProxy = B34ABED42415AA57002B832F /* PBXContainerItemProxy */;
		};
		B34ABEE02415AA57002B832F /* PBXTargetDependency */ = {
			isa = PBXTargetDependency;
			target = B34ABEBC2415AA55002B832F /* localNotificationExample */;
			targetProxy = B34ABEDF2415AA57002B832F /* PBXContainerItemProxy */;
		};
/* End PBXTargetDependency section */

/* Begin PBXVariantGroup section */
		B34ABECB2415AA57002B832F /* LaunchScreen.storyboard */ = {
			isa = PBXVariantGroup;
			children = (
				B34ABECC2415AA57002B832F /* Base */,
			);
			name = LaunchScreen.storyboard;
			sourceTree = "<group>";
		};
		B34ABEF42415AC7B002B832F /* Main.storyboard */ = {
			isa = PBXVariantGroup;
			children = (
				B34ABEF52415AC7B002B832F /* Base */,
			);
			name = Main.storyboard;
			sourceTree = "<group>";
		};
/* End PBXVariantGroup section */

/* Begin XCBuildConfiguration section */
		B34ABEE52415AA57002B832F /* Debug */ = {
			isa = XCBuildConfiguration;
			buildSettings = {
				ALWAYS_SEARCH_USER_PATHS = NO;
				CLANG_ANALYZER_NONNULL = YES;
				CLANG_ANALYZER_NUMBER_OBJECT_CONVERSION = YES_AGGRESSIVE;
				CLANG_CXX_LANGUAGE_STANDARD = "gnu++14";
				CLANG_CXX_LIBRARY = "libc++";
				CLANG_ENABLE_MODULES = YES;
				CLANG_ENABLE_OBJC_ARC = YES;
				CLANG_ENABLE_OBJC_WEAK = YES;
				CLANG_WARN_BLOCK_CAPTURE_AUTORELEASING = YES;
				CLANG_WARN_BOOL_CONVERSION = YES;
				CLANG_WARN_COMMA = YES;
				CLANG_WARN_CONSTANT_CONVERSION = YES;
				CLANG_WARN_DEPRECATED_OBJC_IMPLEMENTATIONS = YES;
				CLANG_WARN_DIRECT_OBJC_ISA_USAGE = YES_ERROR;
				CLANG_WARN_DOCUMENTATION_COMMENTS = YES;
				CLANG_WARN_EMPTY_BODY = YES;
				CLANG_WARN_ENUM_CONVERSION = YES;
				CLANG_WARN_INFINITE_RECURSION = YES;
				CLANG_WARN_INT_CONVERSION = YES;
				CLANG_WARN_NON_LITERAL_NULL_CONVERSION = YES;
				CLANG_WARN_OBJC_IMPLICIT_RETAIN_SELF = YES;
				CLANG_WARN_OBJC_LITERAL_CONVERSION = YES;
				CLANG_WARN_OBJC_ROOT_CLASS = YES_ERROR;
				CLANG_WARN_RANGE_LOOP_ANALYSIS = YES;
				CLANG_WARN_STRICT_PROTOTYPES = YES;
				CLANG_WARN_SUSPICIOUS_MOVE = YES;
				CLANG_WARN_UNGUARDED_AVAILABILITY = YES_AGGRESSIVE;
				CLANG_WARN_UNREACHABLE_CODE = YES;
				CLANG_WARN__DUPLICATE_METHOD_MATCH = YES;
				COPY_PHASE_STRIP = NO;
				DEBUG_INFORMATION_FORMAT = dwarf;
				ENABLE_STRICT_OBJC_MSGSEND = YES;
				ENABLE_TESTABILITY = YES;
				GCC_C_LANGUAGE_STANDARD = gnu11;
				GCC_DYNAMIC_NO_PIC = NO;
				GCC_NO_COMMON_BLOCKS = YES;
				GCC_OPTIMIZATION_LEVEL = 0;
				GCC_PREPROCESSOR_DEFINITIONS = (
					"DEBUG=1",
					"$(inherited)",
				);
				GCC_WARN_64_TO_32_BIT_CONVERSION = YES;
				GCC_WARN_ABOUT_RETURN_TYPE = YES_ERROR;
				GCC_WARN_UNDECLARED_SELECTOR = YES;
				GCC_WARN_UNINITIALIZED_AUTOS = YES_AGGRESSIVE;
				GCC_WARN_UNUSED_FUNCTION = YES;
				GCC_WARN_UNUSED_VARIABLE = YES;
				IPHONEOS_DEPLOYMENT_TARGET = 13.2;
				MTL_ENABLE_DEBUG_INFO = INCLUDE_SOURCE;
				MTL_FAST_MATH = YES;
				ONLY_ACTIVE_ARCH = YES;
				SDKROOT = iphoneos;
				SWIFT_ACTIVE_COMPILATION_CONDITIONS = DEBUG;
				SWIFT_OPTIMIZATION_LEVEL = "-Onone";
			};
			name = Debug;
		};
		B34ABEE62415AA57002B832F /* Release */ = {
			isa = XCBuildConfiguration;
			buildSettings = {
				ALWAYS_SEARCH_USER_PATHS = NO;
				CLANG_ANALYZER_NONNULL = YES;
				CLANG_ANALYZER_NUMBER_OBJECT_CONVERSION = YES_AGGRESSIVE;
				CLANG_CXX_LANGUAGE_STANDARD = "gnu++14";
				CLANG_CXX_LIBRARY = "libc++";
				CLANG_ENABLE_MODULES = YES;
				CLANG_ENABLE_OBJC_ARC = YES;
				CLANG_ENABLE_OBJC_WEAK = YES;
				CLANG_WARN_BLOCK_CAPTURE_AUTORELEASING = YES;
				CLANG_WARN_BOOL_CONVERSION = YES;
				CLANG_WARN_COMMA = YES;
				CLANG_WARN_CONSTANT_CONVERSION = YES;
				CLANG_WARN_DEPRECATED_OBJC_IMPLEMENTATIONS = YES;
				CLANG_WARN_DIRECT_OBJC_ISA_USAGE = YES_ERROR;
				CLANG_WARN_DOCUMENTATION_COMMENTS = YES;
				CLANG_WARN_EMPTY_BODY = YES;
				CLANG_WARN_ENUM_CONVERSION = YES;
				CLANG_WARN_INFINITE_RECURSION = YES;
				CLANG_WARN_INT_CONVERSION = YES;
				CLANG_WARN_NON_LITERAL_NULL_CONVERSION = YES;
				CLANG_WARN_OBJC_IMPLICIT_RETAIN_SELF = YES;
				CLANG_WARN_OBJC_LITERAL_CONVERSION = YES;
				CLANG_WARN_OBJC_ROOT_CLASS = YES_ERROR;
				CLANG_WARN_RANGE_LOOP_ANALYSIS = YES;
				CLANG_WARN_STRICT_PROTOTYPES = YES;
				CLANG_WARN_SUSPICIOUS_MOVE = YES;
				CLANG_WARN_UNGUARDED_AVAILABILITY = YES_AGGRESSIVE;
				CLANG_WARN_UNREACHABLE_CODE = YES;
				CLANG_WARN__DUPLICATE_METHOD_MATCH = YES;
				COPY_PHASE_STRIP = NO;
				DEBUG_INFORMATION_FORMAT = "dwarf-with-dsym";
				ENABLE_NS_ASSERTIONS = NO;
				ENABLE_STRICT_OBJC_MSGSEND = YES;
				GCC_C_LANGUAGE_STANDARD = gnu11;
				GCC_NO_COMMON_BLOCKS = YES;
				GCC_WARN_64_TO_32_BIT_CONVERSION = YES;
				GCC_WARN_ABOUT_RETURN_TYPE = YES_ERROR;
				GCC_WARN_UNDECLARED_SELECTOR = YES;
				GCC_WARN_UNINITIALIZED_AUTOS = YES_AGGRESSIVE;
				GCC_WARN_UNUSED_FUNCTION = YES;
				GCC_WARN_UNUSED_VARIABLE = YES;
				IPHONEOS_DEPLOYMENT_TARGET = 13.2;
				MTL_ENABLE_DEBUG_INFO = NO;
				MTL_FAST_MATH = YES;
				SDKROOT = iphoneos;
				SWIFT_COMPILATION_MODE = wholemodule;
				SWIFT_OPTIMIZATION_LEVEL = "-O";
				VALIDATE_PRODUCT = YES;
			};
			name = Release;
		};
		B34ABEE82415AA57002B832F /* Debug */ = {
			isa = XCBuildConfiguration;
			buildSettings = {
				ASSETCATALOG_COMPILER_APPICON_NAME = AppIcon;
				CODE_SIGN_STYLE = Automatic;
				DEVELOPMENT_TEAM = X74VG8LAZG;
				INFOPLIST_FILE = localNotificationExample/Info.plist;
				LD_RUNPATH_SEARCH_PATHS = (
					"$(inherited)",
					"@executable_path/Frameworks",
				);
				PRODUCT_BUNDLE_IDENTIFIER = "Pamela-Ianovalli.localNotificationExample";
				PRODUCT_NAME = "$(TARGET_NAME)";
				SWIFT_VERSION = 5.0;
				TARGETED_DEVICE_FAMILY = "1,2";
			};
			name = Debug;
		};
		B34ABEE92415AA57002B832F /* Release */ = {
			isa = XCBuildConfiguration;
			buildSettings = {
				ASSETCATALOG_COMPILER_APPICON_NAME = AppIcon;
				CODE_SIGN_STYLE = Automatic;
				DEVELOPMENT_TEAM = X74VG8LAZG;
				INFOPLIST_FILE = localNotificationExample/Info.plist;
				LD_RUNPATH_SEARCH_PATHS = (
					"$(inherited)",
					"@executable_path/Frameworks",
				);
				PRODUCT_BUNDLE_IDENTIFIER = "Pamela-Ianovalli.localNotificationExample";
				PRODUCT_NAME = "$(TARGET_NAME)";
				SWIFT_VERSION = 5.0;
				TARGETED_DEVICE_FAMILY = "1,2";
			};
			name = Release;
		};
		B34ABEEB2415AA57002B832F /* Debug */ = {
			isa = XCBuildConfiguration;
			buildSettings = {
				ALWAYS_EMBED_SWIFT_STANDARD_LIBRARIES = YES;
				BUNDLE_LOADER = "$(TEST_HOST)";
				CODE_SIGN_STYLE = Automatic;
				DEVELOPMENT_TEAM = X74VG8LAZG;
				INFOPLIST_FILE = localNotificationExampleTests/Info.plist;
				IPHONEOS_DEPLOYMENT_TARGET = 13.2;
				LD_RUNPATH_SEARCH_PATHS = (
					"$(inherited)",
					"@executable_path/Frameworks",
					"@loader_path/Frameworks",
				);
				PRODUCT_BUNDLE_IDENTIFIER = "Pamela-Ianovalli.localNotificationExampleTests";
				PRODUCT_NAME = "$(TARGET_NAME)";
				SWIFT_VERSION = 5.0;
				TARGETED_DEVICE_FAMILY = "1,2";
				TEST_HOST = "$(BUILT_PRODUCTS_DIR)/localNotificationExample.app/localNotificationExample";
			};
			name = Debug;
		};
		B34ABEEC2415AA57002B832F /* Release */ = {
			isa = XCBuildConfiguration;
			buildSettings = {
				ALWAYS_EMBED_SWIFT_STANDARD_LIBRARIES = YES;
				BUNDLE_LOADER = "$(TEST_HOST)";
				CODE_SIGN_STYLE = Automatic;
				DEVELOPMENT_TEAM = X74VG8LAZG;
				INFOPLIST_FILE = localNotificationExampleTests/Info.plist;
				IPHONEOS_DEPLOYMENT_TARGET = 13.2;
				LD_RUNPATH_SEARCH_PATHS = (
					"$(inherited)",
					"@executable_path/Frameworks",
					"@loader_path/Frameworks",
				);
				PRODUCT_BUNDLE_IDENTIFIER = "Pamela-Ianovalli.localNotificationExampleTests";
				PRODUCT_NAME = "$(TARGET_NAME)";
				SWIFT_VERSION = 5.0;
				TARGETED_DEVICE_FAMILY = "1,2";
				TEST_HOST = "$(BUILT_PRODUCTS_DIR)/localNotificationExample.app/localNotificationExample";
			};
			name = Release;
		};
		B34ABEEE2415AA57002B832F /* Debug */ = {
			isa = XCBuildConfiguration;
			buildSettings = {
				ALWAYS_EMBED_SWIFT_STANDARD_LIBRARIES = YES;
				CODE_SIGN_STYLE = Automatic;
				DEVELOPMENT_TEAM = X74VG8LAZG;
				INFOPLIST_FILE = localNotificationExampleUITests/Info.plist;
				LD_RUNPATH_SEARCH_PATHS = (
					"$(inherited)",
					"@executable_path/Frameworks",
					"@loader_path/Frameworks",
				);
				PRODUCT_BUNDLE_IDENTIFIER = "Pamela-Ianovalli.localNotificationExampleUITests";
				PRODUCT_NAME = "$(TARGET_NAME)";
				SWIFT_VERSION = 5.0;
				TARGETED_DEVICE_FAMILY = "1,2";
				TEST_TARGET_NAME = localNotificationExample;
			};
			name = Debug;
		};
		B34ABEEF2415AA57002B832F /* Release */ = {
			isa = XCBuildConfiguration;
			buildSettings = {
				ALWAYS_EMBED_SWIFT_STANDARD_LIBRARIES = YES;
				CODE_SIGN_STYLE = Automatic;
				DEVELOPMENT_TEAM = X74VG8LAZG;
				INFOPLIST_FILE = localNotificationExampleUITests/Info.plist;
				LD_RUNPATH_SEARCH_PATHS = (
					"$(inherited)",
					"@executable_path/Frameworks",
					"@loader_path/Frameworks",
				);
				PRODUCT_BUNDLE_IDENTIFIER = "Pamela-Ianovalli.localNotificationExampleUITests";
				PRODUCT_NAME = "$(TARGET_NAME)";
				SWIFT_VERSION = 5.0;
				TARGETED_DEVICE_FAMILY = "1,2";
				TEST_TARGET_NAME = localNotificationExample;
			};
			name = Release;
		};
/* End XCBuildConfiguration section */

/* Begin XCConfigurationList section */
		B34ABEB82415AA55002B832F /* Build configuration list for PBXProject "localNotificationExample" */ = {
			isa = XCConfigurationList;
			buildConfigurations = (
				B34ABEE52415AA57002B832F /* Debug */,
				B34ABEE62415AA57002B832F /* Release */,
			);
			defaultConfigurationIsVisible = 0;
			defaultConfigurationName = Release;
		};
		B34ABEE72415AA57002B832F /* Build configuration list for PBXNativeTarget "localNotificationExample" */ = {
			isa = XCConfigurationList;
			buildConfigurations = (
				B34ABEE82415AA57002B832F /* Debug */,
				B34ABEE92415AA57002B832F /* Release */,
			);
			defaultConfigurationIsVisible = 0;
			defaultConfigurationName = Release;
		};
		B34ABEEA2415AA57002B832F /* Build configuration list for PBXNativeTarget "localNotificationExampleTests" */ = {
			isa = XCConfigurationList;
			buildConfigurations = (
				B34ABEEB2415AA57002B832F /* Debug */,
				B34ABEEC2415AA57002B832F /* Release */,
			);
			defaultConfigurationIsVisible = 0;
			defaultConfigurationName = Release;
		};
		B34ABEED2415AA57002B832F /* Build configuration list for PBXNativeTarget "localNotificationExampleUITests" */ = {
			isa = XCConfigurationList;
			buildConfigurations = (
				B34ABEEE2415AA57002B832F /* Debug */,
				B34ABEEF2415AA57002B832F /* Release */,
			);
			defaultConfigurationIsVisible = 0;
			defaultConfigurationName = Release;
		};
/* End XCConfigurationList section */
	};
	rootObject = B34ABEB52415AA55002B832F /* Project object */;
}
